
Microsoft Visual Studio Solution File, Format Version 12.00
# Visual Studio Version 16
VisualStudioVersion = 16.0.30413.136
MinimumVisualStudioVersion = 10.0.40219.1
Project("{F184B08F-C81C-45F6-A57F-5ABD9991F28F}") = "DestreamerChannelDL", "StreamVideoExtract\DestreamerChannelDL.vbproj", "{692CC41C-F296-4A02-BDE4-38107DE46F4A}"
EndProject
Global
	GlobalSection(SolutionConfigurationPlatforms) = preSolution
		Debug|Any CPU = Debug|Any CPU
		Release|Any CPU = Release|Any CPU
	EndGlobalSection
	GlobalSection(ProjectConfigurationPlatforms) = postSolution
		{692CC41C-F296-4A02-BDE4-38107DE46F4A}.Debug|Any CPU.ActiveCfg = Debug|Any CPU
		{692CC41C-F296-4A02-BDE4-38107DE46F4A}.Debug|Any CPU.Build.0 = Debug|Any CPU
		{692CC41C-F296-4A02-BDE4-38107DE46F4A}.Release|Any CPU.ActiveCfg = Release|Any CPU
		{692CC41C-F296-4A02-BDE4-38107DE46F4A}.Release|Any CPU.Build.0 = Release|Any CPU
	EndGlobalSection
	GlobalSection(SolutionProperties) = preSolution
		HideSolutionNode = FALSE
	EndGlobalSection
	GlobalSection(ExtensibilityGlobals) = postSolution
		SolutionGuid = {251C97AB-F1DD-4312-9950-7C90FCE468B7}
	EndGlobalSection
EndGlobal
